
Microsoft Visual Studio Solution File, Format Version 12.00
# Visual Studio Version 17
VisualStudioVersion = 17.1.32421.90
MinimumVisualStudioVersion = 10.0.40219.1
Project("{FAE04EC0-301F-11D3-BF4B-00C04F79EFBC}") = "WpfApp1", "WpfApp1\WpfApp1.csproj", "{1ABEFB74-A5C8-4EBA-AAA9-99EB6BA613D1}"
EndProject
Project("{FAE04EC0-301F-11D3-BF4B-00C04F79EFBC}") = "Library", "Library\Library.csproj", "{18FD649C-DB79-451B-827C-B83F4DA35562}"
EndProject
Global
	GlobalSection(SolutionConfigurationPlatforms) = preSolution
		Debug|Any CPU = Debug|Any CPU
		Release|Any CPU = Release|Any CPU
	EndGlobalSection
	GlobalSection(ProjectConfigurationPlatforms) = postSolution
		{1ABEFB74-A5C8-4EBA-AAA9-99EB6BA613D1}.Debug|Any CPU.ActiveCfg = Debug|Any CPU
		{1ABEFB74-A5C8-4EBA-AAA9-99EB6BA613D1}.Debug|Any CPU.Build.0 = Debug|Any CPU
		{1ABEFB74-A5C8-4EBA-AAA9-99EB6BA613D1}.Release|Any CPU.ActiveCfg = Release|Any CPU
		{1ABEFB74-A5C8-4EBA-AAA9-99EB6BA613D1}.Release|Any CPU.Build.0 = Release|Any CPU
		{18FD649C-DB79-451B-827C-B83F4DA35562}.Debug|Any CPU.ActiveCfg = Debug|Any CPU
		{18FD649C-DB79-451B-827C-B83F4DA35562}.Debug|Any CPU.Build.0 = Debug|Any CPU
		{18FD649C-DB79-451B-827C-B83F4DA35562}.Release|Any CPU.ActiveCfg = Release|Any CPU
		{18FD649C-DB79-451B-827C-B83F4DA35562}.Release|Any CPU.Build.0 = Release|Any CPU
	EndGlobalSection
	GlobalSection(SolutionProperties) = preSolution
		HideSolutionNode = FALSE
	EndGlobalSection
	GlobalSection(ExtensibilityGlobals) = postSolution
		SolutionGuid = {A49BA448-6C73-4C9D-9510-95E41DBFAA72}
	EndGlobalSection
EndGlobal
